
Microsoft Visual Studio Solution File, Format Version 12.00
# Visual Studio 15
VisualStudioVersion = 15.0.27428.2002
MinimumVisualStudioVersion = 10.0.40219.1
Project("{FAE04EC0-301F-11D3-BF4B-00C04F79EFBC}") = "ThirtyDaysOfTDD", "ThirtyDaysOfTDD\ThirtyDaysOfTDD.csproj", "{7548B676-006B-43C5-AB42-D465B5E9298A}"
EndProject
Global
	GlobalSection(SolutionConfigurationPlatforms) = preSolution
		Debug|Any CPU = Debug|Any CPU
		Release|Any CPU = Release|Any CPU
	EndGlobalSection
	GlobalSection(ProjectConfigurationPlatforms) = postSolution
		{7548B676-006B-43C5-AB42-D465B5E9298A}.Debug|Any CPU.ActiveCfg = Debug|Any CPU
		{7548B676-006B-43C5-AB42-D465B5E9298A}.Debug|Any CPU.Build.0 = Debug|Any CPU
		{7548B676-006B-43C5-AB42-D465B5E9298A}.Release|Any CPU.ActiveCfg = Release|Any CPU
		{7548B676-006B-43C5-AB42-D465B5E9298A}.Release|Any CPU.Build.0 = Release|Any CPU
	EndGlobalSection
	GlobalSection(SolutionProperties) = preSolution
		HideSolutionNode = FALSE
	EndGlobalSection
	GlobalSection(ExtensibilityGlobals) = postSolution
		SolutionGuid = {A415C76C-9A56-4A8F-9660-1FAFCECC8BB3}
	EndGlobalSection
EndGlobal
